// !$*UTF8*$!
{
	archiveVersion = 1;
	classes = {
	};
	objectVersion = 50;
	objects = {

/* Begin PBXBuildFile section */
		3F059060240F022600B2C072 /* AppDelegate.swift in Sources */ = {isa = PBXBuildFile; fileRef = 3F05905F240F022600B2C072 /* AppDelegate.swift */; };
		3F059062240F022600B2C072 /* DashboardViewController.swift in Sources */ = {isa = PBXBuildFile; fileRef = 3F059061240F022600B2C072 /* DashboardViewController.swift */; };
		3F059065240F022600B2C072 /* Main.storyboard in Resources */ = {isa = PBXBuildFile; fileRef = 3F059063240F022600B2C072 /* Main.storyboard */; };
		3F059067240F022900B2C072 /* Assets.xcassets in Resources */ = {isa = PBXBuildFile; fileRef = 3F059066240F022900B2C072 /* Assets.xcassets */; };
		3F05906A240F022900B2C072 /* LaunchScreen.storyboard in Resources */ = {isa = PBXBuildFile; fileRef = 3F059068240F022900B2C072 /* LaunchScreen.storyboard */; };
		3F059075240F022900B2C072 /* CreditScoreTests.swift in Sources */ = {isa = PBXBuildFile; fileRef = 3F059074240F022900B2C072 /* CreditScoreTests.swift */; };
		3F059080240F022900B2C072 /* CreditScoreUITests.swift in Sources */ = {isa = PBXBuildFile; fileRef = 3F05907F240F022900B2C072 /* CreditScoreUITests.swift */; };
		3F05908E240F43C400B2C072 /* AnimatedLabel.swift in Sources */ = {isa = PBXBuildFile; fileRef = 3F05908D240F43C400B2C072 /* AnimatedLabel.swift */; };
		3FE05563240FBD2E001A96FC /* CreditDataModel.swift in Sources */ = {isa = PBXBuildFile; fileRef = 3FE05562240FBD2D001A96FC /* CreditDataModel.swift */; };
		3FE055662410129B001A96FC /* CreditDataViewModel.swift in Sources */ = {isa = PBXBuildFile; fileRef = 3FE055652410129B001A96FC /* CreditDataViewModel.swift */; };
		3FE0556A2410F599001A96FC /* CreditDataAPI.swift in Sources */ = {isa = PBXBuildFile; fileRef = 3FE055692410F599001A96FC /* CreditDataAPI.swift */; };
/* End PBXBuildFile section */

/* Begin PBXContainerItemProxy section */
		3F059071240F022900B2C072 /* PBXContainerItemProxy */ = {
			isa = PBXContainerItemProxy;
			containerPortal = 3F059054240F022600B2C072 /* Project object */;
			proxyType = 1;
			remoteGlobalIDString = 3F05905B240F022600B2C072;
			remoteInfo = CreditScore;
		};
		3F05907C240F022900B2C072 /* PBXContainerItemProxy */ = {
			isa = PBXContainerItemProxy;
			containerPortal = 3F059054240F022600B2C072 /* Project object */;
			proxyType = 1;
			remoteGlobalIDString = 3F05905B240F022600B2C072;
			remoteInfo = CreditScore;
		};
/* End PBXContainerItemProxy section */

/* Begin PBXFileReference section */
		3F05905C240F022600B2C072 /* CreditScore.app */ = {isa = PBXFileReference; explicitFileType = wrapper.application; includeInIndex = 0; path = CreditScore.app; sourceTree = BUILT_PRODUCTS_DIR; };
		3F05905F240F022600B2C072 /* AppDelegate.swift */ = {isa = PBXFileReference; lastKnownFileType = sourcecode.swift; path = AppDelegate.swift; sourceTree = "<group>"; };
		3F059061240F022600B2C072 /* DashboardViewController.swift */ = {isa = PBXFileReference; lastKnownFileType = sourcecode.swift; path = DashboardViewController.swift; sourceTree = "<group>"; };
		3F059064240F022600B2C072 /* Base */ = {isa = PBXFileReference; lastKnownFileType = file.storyboard; name = Base; path = Base.lproj/Main.storyboard; sourceTree = "<group>"; };
		3F059066240F022900B2C072 /* Assets.xcassets */ = {isa = PBXFileReference; lastKnownFileType = folder.assetcatalog; path = Assets.xcassets; sourceTree = "<group>"; };
		3F059069240F022900B2C072 /* Base */ = {isa = PBXFileReference; lastKnownFileType = file.storyboard; name = Base; path = Base.lproj/LaunchScreen.storyboard; sourceTree = "<group>"; };
		3F05906B240F022900B2C072 /* Info.plist */ = {isa = PBXFileReference; lastKnownFileType = text.plist.xml; path = Info.plist; sourceTree = "<group>"; };
		3F059070240F022900B2C072 /* CreditScoreTests.xctest */ = {isa = PBXFileReference; explicitFileType = wrapper.cfbundle; includeInIndex = 0; path = CreditScoreTests.xctest; sourceTree = BUILT_PRODUCTS_DIR; };
		3F059074240F022900B2C072 /* CreditScoreTests.swift */ = {isa = PBXFileReference; lastKnownFileType = sourcecode.swift; path = CreditScoreTests.swift; sourceTree = "<group>"; };
		3F059076240F022900B2C072 /* Info.plist */ = {isa = PBXFileReference; lastKnownFileType = text.plist.xml; path = Info.plist; sourceTree = "<group>"; };
		3F05907B240F022900B2C072 /* CreditScoreUITests.xctest */ = {isa = PBXFileReference; explicitFileType = wrapper.cfbundle; includeInIndex = 0; path = CreditScoreUITests.xctest; sourceTree = BUILT_PRODUCTS_DIR; };
		3F05907F240F022900B2C072 /* CreditScoreUITests.swift */ = {isa = PBXFileReference; lastKnownFileType = sourcecode.swift; path = CreditScoreUITests.swift; sourceTree = "<group>"; };
		3F059081240F022900B2C072 /* Info.plist */ = {isa = PBXFileReference; lastKnownFileType = text.plist.xml; path = Info.plist; sourceTree = "<group>"; };
		3F05908D240F43C400B2C072 /* AnimatedLabel.swift */ = {isa = PBXFileReference; lastKnownFileType = sourcecode.swift; path = AnimatedLabel.swift; sourceTree = "<group>"; };
		3FE05562240FBD2D001A96FC /* CreditDataModel.swift */ = {isa = PBXFileReference; lastKnownFileType = sourcecode.swift; path = CreditDataModel.swift; sourceTree = "<group>"; };
		3FE055652410129B001A96FC /* CreditDataViewModel.swift */ = {isa = PBXFileReference; lastKnownFileType = sourcecode.swift; path = CreditDataViewModel.swift; sourceTree = "<group>"; };
		3FE055692410F599001A96FC /* CreditDataAPI.swift */ = {isa = PBXFileReference; lastKnownFileType = sourcecode.swift; path = CreditDataAPI.swift; sourceTree = "<group>"; };
/* End PBXFileReference section */

/* Begin PBXFrameworksBuildPhase section */
		3F059059240F022600B2C072 /* Frameworks */ = {
			isa = PBXFrameworksBuildPhase;
			buildActionMask = 2147483647;
			files = (
			);
			runOnlyForDeploymentPostprocessing = 0;
		};
		3F05906D240F022900B2C072 /* Frameworks */ = {
			isa = PBXFrameworksBuildPhase;
			buildActionMask = 2147483647;
			files = (
			);
			runOnlyForDeploymentPostprocessing = 0;
		};
		3F059078240F022900B2C072 /* Frameworks */ = {
			isa = PBXFrameworksBuildPhase;
			buildActionMask = 2147483647;
			files = (
			);
			runOnlyForDeploymentPostprocessing = 0;
		};
/* End PBXFrameworksBuildPhase section */

/* Begin PBXGroup section */
		3F059053240F022600B2C072 = {
			isa = PBXGroup;
			children = (
				3F05905E240F022600B2C072 /* CreditScore */,
				3F059073240F022900B2C072 /* CreditScoreTests */,
				3F05907E240F022900B2C072 /* CreditScoreUITests */,
				3F05905D240F022600B2C072 /* Products */,
			);
			sourceTree = "<group>";
		};
		3F05905D240F022600B2C072 /* Products */ = {
			isa = PBXGroup;
			children = (
				3F05905C240F022600B2C072 /* CreditScore.app */,
				3F059070240F022900B2C072 /* CreditScoreTests.xctest */,
				3F05907B240F022900B2C072 /* CreditScoreUITests.xctest */,
			);
			name = Products;
			sourceTree = "<group>";
		};
		3F05905E240F022600B2C072 /* CreditScore */ = {
			isa = PBXGroup;
			children = (
				3FE0556B2410F93C001A96FC /* API */,
				3FE05567241012B0001A96FC /* Misc */,
				3FE05564240FBF43001A96FC /* Model */,
				3FE05561240FBA82001A96FC /* ViewModel */,
				3F05905F240F022600B2C072 /* AppDelegate.swift */,
				3F059061240F022600B2C072 /* DashboardViewController.swift */,
				3F059063240F022600B2C072 /* Main.storyboard */,
				3F059066240F022900B2C072 /* Assets.xcassets */,
				3F059068240F022900B2C072 /* LaunchScreen.storyboard */,
				3F05906B240F022900B2C072 /* Info.plist */,
			);
			path = CreditScore;
			sourceTree = "<group>";
		};
		3F059073240F022900B2C072 /* CreditScoreTests */ = {
			isa = PBXGroup;
			children = (
				3F059074240F022900B2C072 /* CreditScoreTests.swift */,
				3F059076240F022900B2C072 /* Info.plist */,
			);
			path = CreditScoreTests;
			sourceTree = "<group>";
		};
		3F05907E240F022900B2C072 /* CreditScoreUITests */ = {
			isa = PBXGroup;
			children = (
				3F05907F240F022900B2C072 /* CreditScoreUITests.swift */,
				3F059081240F022900B2C072 /* Info.plist */,
			);
			path = CreditScoreUITests;
			sourceTree = "<group>";
		};
		3FE05561240FBA82001A96FC /* ViewModel */ = {
			isa = PBXGroup;
			children = (
				3FE055652410129B001A96FC /* CreditDataViewModel.swift */,
			);
			path = ViewModel;
			sourceTree = "<group>";
		};
		3FE05564240FBF43001A96FC /* Model */ = {
			isa = PBXGroup;
			children = (
				3FE05562240FBD2D001A96FC /* CreditDataModel.swift */,
			);
			path = Model;
			sourceTree = "<group>";
		};
		3FE05567241012B0001A96FC /* Misc */ = {
			isa = PBXGroup;
			children = (
				3F05908D240F43C400B2C072 /* AnimatedLabel.swift */,
			);
			path = Misc;
			sourceTree = "<group>";
		};
		3FE0556B2410F93C001A96FC /* API */ = {
			isa = PBXGroup;
			children = (
				3FE055692410F599001A96FC /* CreditDataAPI.swift */,
			);
			path = API;
			sourceTree = "<group>";
		};
/* End PBXGroup section */

/* Begin PBXNativeTarget section */
		3F05905B240F022600B2C072 /* CreditScore */ = {
			isa = PBXNativeTarget;
			buildConfigurationList = 3F059084240F022900B2C072 /* Build configuration list for PBXNativeTarget "CreditScore" */;
			buildPhases = (
				3F059058240F022600B2C072 /* Sources */,
				3F059059240F022600B2C072 /* Frameworks */,
				3F05905A240F022600B2C072 /* Resources */,
			);
			buildRules = (
			);
			dependencies = (
			);
			name = CreditScore;
			productName = CreditScore;
			productReference = 3F05905C240F022600B2C072 /* CreditScore.app */;
			productType = "com.apple.product-type.application";
		};
		3F05906F240F022900B2C072 /* CreditScoreTests */ = {
			isa = PBXNativeTarget;
			buildConfigurationList = 3F059087240F022900B2C072 /* Build configuration list for PBXNativeTarget "CreditScoreTests" */;
			buildPhases = (
				3F05906C240F022900B2C072 /* Sources */,
				3F05906D240F022900B2C072 /* Frameworks */,
				3F05906E240F022900B2C072 /* Resources */,
			);
			buildRules = (
			);
			dependencies = (
				3F059072240F022900B2C072 /* PBXTargetDependency */,
			);
			name = CreditScoreTests;
			productName = CreditScoreTests;
			productReference = 3F059070240F022900B2C072 /* CreditScoreTests.xctest */;
			productType = "com.apple.product-type.bundle.unit-test";
		};
		3F05907A240F022900B2C072 /* CreditScoreUITests */ = {
			isa = PBXNativeTarget;
			buildConfigurationList = 3F05908A240F022900B2C072 /* Build configuration list for PBXNativeTarget "CreditScoreUITests" */;
			buildPhases = (
				3F059077240F022900B2C072 /* Sources */,
				3F059078240F022900B2C072 /* Frameworks */,
				3F059079240F022900B2C072 /* Resources */,
			);
			buildRules = (
			);
			dependencies = (
				3F05907D240F022900B2C072 /* PBXTargetDependency */,
			);
			name = CreditScoreUITests;
			productName = CreditScoreUITests;
			productReference = 3F05907B240F022900B2C072 /* CreditScoreUITests.xctest */;
			productType = "com.apple.product-type.bundle.ui-testing";
		};
/* End PBXNativeTarget section */

/* Begin PBXProject section */
		3F059054240F022600B2C072 /* Project object */ = {
			isa = PBXProject;
			attributes = {
				LastSwiftUpdateCheck = 1010;
				LastUpgradeCheck = 1010;
				ORGANIZATIONNAME = NMI;
				TargetAttributes = {
					3F05905B240F022600B2C072 = {
						CreatedOnToolsVersion = 10.1;
					};
					3F05906F240F022900B2C072 = {
						CreatedOnToolsVersion = 10.1;
						TestTargetID = 3F05905B240F022600B2C072;
					};
					3F05907A240F022900B2C072 = {
						CreatedOnToolsVersion = 10.1;
						TestTargetID = 3F05905B240F022600B2C072;
					};
				};
			};
			buildConfigurationList = 3F059057240F022600B2C072 /* Build configuration list for PBXProject "CreditScore" */;
			compatibilityVersion = "Xcode 9.3";
			developmentRegion = en;
			hasScannedForEncodings = 0;
			knownRegions = (
				en,
				Base,
			);
			mainGroup = 3F059053240F022600B2C072;
			productRefGroup = 3F05905D240F022600B2C072 /* Products */;
			projectDirPath = "";
			projectRoot = "";
			targets = (
				3F05905B240F022600B2C072 /* CreditScore */,
				3F05906F240F022900B2C072 /* CreditScoreTests */,
				3F05907A240F022900B2C072 /* CreditScoreUITests */,
			);
		};
/* End PBXProject section */

/* Begin PBXResourcesBuildPhase section */
		3F05905A240F022600B2C072 /* Resources */ = {
			isa = PBXResourcesBuildPhase;
			buildActionMask = 2147483647;
			files = (
				3F05906A240F022900B2C072 /* LaunchScreen.storyboard in Resources */,
				3F059067240F022900B2C072 /* Assets.xcassets in Resources */,
				3F059065240F022600B2C072 /* Main.storyboard in Resources */,
			);
			runOnlyForDeploymentPostprocessing = 0;
		};
		3F05906E240F022900B2C072 /* Resources */ = {
			isa = PBXResourcesBuildPhase;
			buildActionMask = 2147483647;
			files = (
			);
			runOnlyForDeploymentPostprocessing = 0;
		};
		3F059079240F022900B2C072 /* Resources */ = {
			isa = PBXResourcesBuildPhase;
			buildActionMask = 2147483647;
			files = (
			);
			runOnlyForDeploymentPostprocessing = 0;
		};
/* End PBXResourcesBuildPhase section */

/* Begin PBXSourcesBuildPhase section */
		3F059058240F022600B2C072 /* Sources */ = {
			isa = PBXSourcesBuildPhase;
			buildActionMask = 2147483647;
			files = (
				3FE05563240FBD2E001A96FC /* CreditDataModel.swift in Sources */,
				3F05908E240F43C400B2C072 /* AnimatedLabel.swift in Sources */,
				3FE0556A2410F599001A96FC /* CreditDataAPI.swift in Sources */,
				3FE055662410129B001A96FC /* CreditDataViewModel.swift in Sources */,
				3F059062240F022600B2C072 /* DashboardViewController.swift in Sources */,
				3F059060240F022600B2C072 /* AppDelegate.swift in Sources */,
			);
			runOnlyForDeploymentPostprocessing = 0;
		};
		3F05906C240F022900B2C072 /* Sources */ = {
			isa = PBXSourcesBuildPhase;
			buildActionMask = 2147483647;
			files = (
				3F059075240F022900B2C072 /* CreditScoreTests.swift in Sources */,
			);
			runOnlyForDeploymentPostprocessing = 0;
		};
		3F059077240F022900B2C072 /* Sources */ = {
			isa = PBXSourcesBuildPhase;
			buildActionMask = 2147483647;
			files = (
				3F059080240F022900B2C072 /* CreditScoreUITests.swift in Sources */,
			);
			runOnlyForDeploymentPostprocessing = 0;
		};
/* End PBXSourcesBuildPhase section */

/* Begin PBXTargetDependency section */
		3F059072240F022900B2C072 /* PBXTargetDependency */ = {
			isa = PBXTargetDependency;
			target = 3F05905B240F022600B2C072 /* CreditScore */;
			targetProxy = 3F059071240F022900B2C072 /* PBXContainerItemProxy */;
		};
		3F05907D240F022900B2C072 /* PBXTargetDependency */ = {
			isa = PBXTargetDependency;
			target = 3F05905B240F022600B2C072 /* CreditScore */;
			targetProxy = 3F05907C240F022900B2C072 /* PBXContainerItemProxy */;
		};
/* End PBXTargetDependency section */

/* Begin PBXVariantGroup section */
		3F059063240F022600B2C072 /* Main.storyboard */ = {
			isa = PBXVariantGroup;
			children = (
				3F059064240F022600B2C072 /* Base */,
			);
			name = Main.storyboard;
			sourceTree = "<group>";
		};
		3F059068240F022900B2C072 /* LaunchScreen.storyboard */ = {
			isa = PBXVariantGroup;
			children = (
				3F059069240F022900B2C072 /* Base */,
			);
			name = LaunchScreen.storyboard;
			sourceTree = "<group>";
		};
/* End PBXVariantGroup section */

/* Begin XCBuildConfiguration section */
		3F059082240F022900B2C072 /* Debug */ = {
			isa = XCBuildConfiguration;
			buildSettings = {
				ALWAYS_SEARCH_USER_PATHS = NO;
				CLANG_ANALYZER_NONNULL = YES;
				CLANG_ANALYZER_NUMBER_OBJECT_CONVERSION = YES_AGGRESSIVE;
				CLANG_CXX_LANGUAGE_STANDARD = "gnu++14";
				CLANG_CXX_LIBRARY = "libc++";
				CLANG_ENABLE_MODULES = YES;
				CLANG_ENABLE_OBJC_ARC = YES;
				CLANG_ENABLE_OBJC_WEAK = YES;
				CLANG_WARN_BLOCK_CAPTURE_AUTORELEASING = YES;
				CLANG_WARN_BOOL_CONVERSION = YES;
				CLANG_WARN_COMMA = YES;
				CLANG_WARN_CONSTANT_CONVERSION = YES;
				CLANG_WARN_DEPRECATED_OBJC_IMPLEMENTATIONS = YES;
				CLANG_WARN_DIRECT_OBJC_ISA_USAGE = YES_ERROR;
				CLANG_WARN_DOCUMENTATION_COMMENTS = YES;
				CLANG_WARN_EMPTY_BODY = YES;
				CLANG_WARN_ENUM_CONVERSION = YES;
				CLANG_WARN_INFINITE_RECURSION = YES;
				CLANG_WARN_INT_CONVERSION = YES;
				CLANG_WARN_NON_LITERAL_NULL_CONVERSION = YES;
				CLANG_WARN_OBJC_IMPLICIT_RETAIN_SELF = YES;
				CLANG_WARN_OBJC_LITERAL_CONVERSION = YES;
				CLANG_WARN_OBJC_ROOT_CLASS = YES_ERROR;
				CLANG_WARN_RANGE_LOOP_ANALYSIS = YES;
				CLANG_WARN_STRICT_PROTOTYPES = YES;
				CLANG_WARN_SUSPICIOUS_MOVE = YES;
				CLANG_WARN_UNGUARDED_AVAILABILITY = YES_AGGRESSIVE;
				CLANG_WARN_UNREACHABLE_CODE = YES;
				CLANG_WARN__DUPLICATE_METHOD_MATCH = YES;
				CODE_SIGN_IDENTITY = "iPhone Developer";
				COPY_PHASE_STRIP = NO;
				DEBUG_INFORMATION_FORMAT = dwarf;
				ENABLE_STRICT_OBJC_MSGSEND = YES;
				ENABLE_TESTABILITY = YES;
				GCC_C_LANGUAGE_STANDARD = gnu11;
				GCC_DYNAMIC_NO_PIC = NO;
				GCC_NO_COMMON_BLOCKS = YES;
				GCC_OPTIMIZATION_LEVEL = 0;
				GCC_PREPROCESSOR_DEFINITIONS = (
					"DEBUG=1",
					"$(inherited)",
				);
				GCC_WARN_64_TO_32_BIT_CONVERSION = YES;
				GCC_WARN_ABOUT_RETURN_TYPE = YES_ERROR;
				GCC_WARN_UNDECLARED_SELECTOR = YES;
				GCC_WARN_UNINITIALIZED_AUTOS = YES_AGGRESSIVE;
				GCC_WARN_UNUSED_FUNCTION = YES;
				GCC_WARN_UNUSED_VARIABLE = YES;
				IPHONEOS_DEPLOYMENT_TARGET = 12.1;
				MTL_ENABLE_DEBUG_INFO = INCLUDE_SOURCE;
				MTL_FAST_MATH = YES;
				ONLY_ACTIVE_ARCH = YES;
				SDKROOT = iphoneos;
				SWIFT_ACTIVE_COMPILATION_CONDITIONS = DEBUG;
				SWIFT_OPTIMIZATION_LEVEL = "-Onone";
			};
			name = Debug;
		};
		3F059083240F022900B2C072 /* Release */ = {
			isa = XCBuildConfiguration;
			buildSettings = {
				ALWAYS_SEARCH_USER_PATHS = NO;
				CLANG_ANALYZER_NONNULL = YES;
				CLANG_ANALYZER_NUMBER_OBJECT_CONVERSION = YES_AGGRESSIVE;
				CLANG_CXX_LANGUAGE_STANDARD = "gnu++14";
				CLANG_CXX_LIBRARY = "libc++";
				CLANG_ENABLE_MODULES = YES;
				CLANG_ENABLE_OBJC_ARC = YES;
				CLANG_ENABLE_OBJC_WEAK = YES;
				CLANG_WARN_BLOCK_CAPTURE_AUTORELEASING = YES;
				CLANG_WARN_BOOL_CONVERSION = YES;
				CLANG_WARN_COMMA = YES;
				CLANG_WARN_CONSTANT_CONVERSION = YES;
				CLANG_WARN_DEPRECATED_OBJC_IMPLEMENTATIONS = YES;
				CLANG_WARN_DIRECT_OBJC_ISA_USAGE = YES_ERROR;
				CLANG_WARN_DOCUMENTATION_COMMENTS = YES;
				CLANG_WARN_EMPTY_BODY = YES;
				CLANG_WARN_ENUM_CONVERSION = YES;
				CLANG_WARN_INFINITE_RECURSION = YES;
				CLANG_WARN_INT_CONVERSION = YES;
				CLANG_WARN_NON_LITERAL_NULL_CONVERSION = YES;
				CLANG_WARN_OBJC_IMPLICIT_RETAIN_SELF = YES;
				CLANG_WARN_OBJC_LITERAL_CONVERSION = YES;
				CLANG_WARN_OBJC_ROOT_CLASS = YES_ERROR;
				CLANG_WARN_RANGE_LOOP_ANALYSIS = YES;
				CLANG_WARN_STRICT_PROTOTYPES = YES;
				CLANG_WARN_SUSPICIOUS_MOVE = YES;
				CLANG_WARN_UNGUARDED_AVAILABILITY = YES_AGGRESSIVE;
				CLANG_WARN_UNREACHABLE_CODE = YES;
				CLANG_WARN__DUPLICATE_METHOD_MATCH = YES;
				CODE_SIGN_IDENTITY = "iPhone Developer";
				COPY_PHASE_STRIP = NO;
				DEBUG_INFORMATION_FORMAT = "dwarf-with-dsym";
				ENABLE_NS_ASSERTIONS = NO;
				ENABLE_STRICT_OBJC_MSGSEND = YES;
				GCC_C_LANGUAGE_STANDARD = gnu11;
				GCC_NO_COMMON_BLOCKS = YES;
				GCC_WARN_64_TO_32_BIT_CONVERSION = YES;
				GCC_WARN_ABOUT_RETURN_TYPE = YES_ERROR;
				GCC_WARN_UNDECLARED_SELECTOR = YES;
				GCC_WARN_UNINITIALIZED_AUTOS = YES_AGGRESSIVE;
				GCC_WARN_UNUSED_FUNCTION = YES;
				GCC_WARN_UNUSED_VARIABLE = YES;
				IPHONEOS_DEPLOYMENT_TARGET = 12.1;
				MTL_ENABLE_DEBUG_INFO = NO;
				MTL_FAST_MATH = YES;
				SDKROOT = iphoneos;
				SWIFT_COMPILATION_MODE = wholemodule;
				SWIFT_OPTIMIZATION_LEVEL = "-O";
				VALIDATE_PRODUCT = YES;
			};
			name = Release;
		};
		3F059085240F022900B2C072 /* Debug */ = {
			isa = XCBuildConfiguration;
			buildSettings = {
				ASSETCATALOG_COMPILER_APPICON_NAME = AppIcon;
				CODE_SIGN_STYLE = Automatic;
				INFOPLIST_FILE = CreditScore/Info.plist;
				LD_RUNPATH_SEARCH_PATHS = (
					"$(inherited)",
					"@executable_path/Frameworks",
				);
				PRODUCT_BUNDLE_IDENTIFIER = NMI.CreditScore;
				PRODUCT_NAME = "$(TARGET_NAME)";
				SWIFT_VERSION = 4.2;
				TARGETED_DEVICE_FAMILY = "1,2";
			};
			name = Debug;
		};
		3F059086240F022900B2C072 /* Release */ = {
			isa = XCBuildConfiguration;
			buildSettings = {
				ASSETCATALOG_COMPILER_APPICON_NAME = AppIcon;
				CODE_SIGN_STYLE = Automatic;
				INFOPLIST_FILE = CreditScore/Info.plist;
				LD_RUNPATH_SEARCH_PATHS = (
					"$(inherited)",
					"@executable_path/Frameworks",
				);
				PRODUCT_BUNDLE_IDENTIFIER = NMI.CreditScore;
				PRODUCT_NAME = "$(TARGET_NAME)";
				SWIFT_VERSION = 4.2;
				TARGETED_DEVICE_FAMILY = "1,2";
			};
			name = Release;
		};
		3F059088240F022900B2C072 /* Debug */ = {
			isa = XCBuildConfiguration;
			buildSettings = {
				ALWAYS_EMBED_SWIFT_STANDARD_LIBRARIES = YES;
				BUNDLE_LOADER = "$(TEST_HOST)";
				CODE_SIGN_STYLE = Automatic;
				INFOPLIST_FILE = CreditScoreTests/Info.plist;
				LD_RUNPATH_SEARCH_PATHS = (
					"$(inherited)",
					"@executable_path/Frameworks",
					"@loader_path/Frameworks",
				);
				PRODUCT_BUNDLE_IDENTIFIER = NMI.CreditScoreTests;
				PRODUCT_NAME = "$(TARGET_NAME)";
				SWIFT_VERSION = 4.2;
				TARGETED_DEVICE_FAMILY = "1,2";
				TEST_HOST = "$(BUILT_PRODUCTS_DIR)/CreditScore.app/CreditScore";
			};
			name = Debug;
		};
		3F059089240F022900B2C072 /* Release */ = {
			isa = XCBuildConfiguration;
			buildSettings = {
				ALWAYS_EMBED_SWIFT_STANDARD_LIBRARIES = YES;
				BUNDLE_LOADER = "$(TEST_HOST)";
				CODE_SIGN_STYLE = Automatic;
				INFOPLIST_FILE = CreditScoreTests/Info.plist;
				LD_RUNPATH_SEARCH_PATHS = (
					"$(inherited)",
					"@executable_path/Frameworks",
					"@loader_path/Frameworks",
				);
				PRODUCT_BUNDLE_IDENTIFIER = NMI.CreditScoreTests;
				PRODUCT_NAME = "$(TARGET_NAME)";
				SWIFT_VERSION = 4.2;
				TARGETED_DEVICE_FAMILY = "1,2";
				TEST_HOST = "$(BUILT_PRODUCTS_DIR)/CreditScore.app/CreditScore";
			};
			name = Release;
		};
		3F05908B240F022900B2C072 /* Debug */ = {
			isa = XCBuildConfiguration;
			buildSettings = {
				ALWAYS_EMBED_SWIFT_STANDARD_LIBRARIES = YES;
				CODE_SIGN_STYLE = Automatic;
				INFOPLIST_FILE = CreditScoreUITests/Info.plist;
				LD_RUNPATH_SEARCH_PATHS = (
					"$(inherited)",
					"@executable_path/Frameworks",
					"@loader_path/Frameworks",
				);
				PRODUCT_BUNDLE_IDENTIFIER = NMI.CreditScoreUITests;
				PRODUCT_NAME = "$(TARGET_NAME)";
				SWIFT_VERSION = 4.2;
				TARGETED_DEVICE_FAMILY = "1,2";
				TEST_TARGET_NAME = CreditScore;
			};
			name = Debug;
		};
		3F05908C240F022900B2C072 /* Release */ = {
			isa = XCBuildConfiguration;
			buildSettings = {
				ALWAYS_EMBED_SWIFT_STANDARD_LIBRARIES = YES;
				CODE_SIGN_STYLE = Automatic;
				INFOPLIST_FILE = CreditScoreUITests/Info.plist;
				LD_RUNPATH_SEARCH_PATHS = (
					"$(inherited)",
					"@executable_path/Frameworks",
					"@loader_path/Frameworks",
				);
				PRODUCT_BUNDLE_IDENTIFIER = NMI.CreditScoreUITests;
				PRODUCT_NAME = "$(TARGET_NAME)";
				SWIFT_VERSION = 4.2;
				TARGETED_DEVICE_FAMILY = "1,2";
				TEST_TARGET_NAME = CreditScore;
			};
			name = Release;
		};
/* End XCBuildConfiguration section */

/* Begin XCConfigurationList section */
		3F059057240F022600B2C072 /* Build configuration list for PBXProject "CreditScore" */ = {
			isa = XCConfigurationList;
			buildConfigurations = (
				3F059082240F022900B2C072 /* Debug */,
				3F059083240F022900B2C072 /* Release */,
			);
			defaultConfigurationIsVisible = 0;
			defaultConfigurationName = Release;
		};
		3F059084240F022900B2C072 /* Build configuration list for PBXNativeTarget "CreditScore" */ = {
			isa = XCConfigurationList;
			buildConfigurations = (
				3F059085240F022900B2C072 /* Debug */,
				3F059086240F022900B2C072 /* Release */,
			);
			defaultConfigurationIsVisible = 0;
			defaultConfigurationName = Release;
		};
		3F059087240F022900B2C072 /* Build configuration list for PBXNativeTarget "CreditScoreTests" */ = {
			isa = XCConfigurationList;
			buildConfigurations = (
				3F059088240F022900B2C072 /* Debug */,
				3F059089240F022900B2C072 /* Release */,
			);
			defaultConfigurationIsVisible = 0;
			defaultConfigurationName = Release;
		};
		3F05908A240F022900B2C072 /* Build configuration list for PBXNativeTarget "CreditScoreUITests" */ = {
			isa = XCConfigurationList;
			buildConfigurations = (
				3F05908B240F022900B2C072 /* Debug */,
				3F05908C240F022900B2C072 /* Release */,
			);
			defaultConfigurationIsVisible = 0;
			defaultConfigurationName = Release;
		};
/* End XCConfigurationList section */
	};
	rootObject = 3F059054240F022600B2C072 /* Project object */;
}
